
Microsoft Visual Studio Solution File, Format Version 12.00
# Visual Studio Version 16
VisualStudioVersion = 16.0.30717.126
MinimumVisualStudioVersion = 10.0.40219.1
Project("{FAE04EC0-301F-11D3-BF4B-00C04F79EFBC}") = "ShopAsp.NetCore", "ShopAsp.NetCore\ShopAsp.NetCore.csproj", "{AA49B4A3-CEFA-47F3-A156-8C0306A5E67F}"
EndProject
Global
	GlobalSection(SolutionConfigurationPlatforms) = preSolution
		Debug|Any CPU = Debug|Any CPU
		Release|Any CPU = Release|Any CPU
	EndGlobalSection
	GlobalSection(ProjectConfigurationPlatforms) = postSolution
		{AA49B4A3-CEFA-47F3-A156-8C0306A5E67F}.Debug|Any CPU.ActiveCfg = Debug|Any CPU
		{AA49B4A3-CEFA-47F3-A156-8C0306A5E67F}.Debug|Any CPU.Build.0 = Debug|Any CPU
		{AA49B4A3-CEFA-47F3-A156-8C0306A5E67F}.Release|Any CPU.ActiveCfg = Release|Any CPU
		{AA49B4A3-CEFA-47F3-A156-8C0306A5E67F}.Release|Any CPU.Build.0 = Release|Any CPU
	EndGlobalSection
	GlobalSection(SolutionProperties) = preSolution
		HideSolutionNode = FALSE
	EndGlobalSection
	GlobalSection(ExtensibilityGlobals) = postSolution
		SolutionGuid = {7D2FC824-D095-4988-A33A-FBF0428365BA}
	EndGlobalSection
EndGlobal
